
Microsoft Visual Studio Solution File, Format Version 12.00
# Visual Studio 14
VisualStudioVersion = 14.0.25123.0
MinimumVisualStudioVersion = 10.0.40219.1
Project("{FAE04EC0-301F-11D3-BF4B-00C04F79EFBC}") = "ServicioFacturacion", "ServicioFacturacion\ServicioFacturacion.csproj", "{E1292237-C456-483E-AB79-3D6B664488B7}"
EndProject
Global
	GlobalSection(SolutionConfigurationPlatforms) = preSolution
		Debug|Any CPU = Debug|Any CPU
		Release|Any CPU = Release|Any CPU
	EndGlobalSection
	GlobalSection(ProjectConfigurationPlatforms) = postSolution
		{E1292237-C456-483E-AB79-3D6B664488B7}.Debug|Any CPU.ActiveCfg = Debug|Any CPU
		{E1292237-C456-483E-AB79-3D6B664488B7}.Debug|Any CPU.Build.0 = Debug|Any CPU
		{E1292237-C456-483E-AB79-3D6B664488B7}.Release|Any CPU.ActiveCfg = Release|Any CPU
		{E1292237-C456-483E-AB79-3D6B664488B7}.Release|Any CPU.Build.0 = Release|Any CPU
	EndGlobalSection
	GlobalSection(SolutionProperties) = preSolution
		HideSolutionNode = FALSE
	EndGlobalSection
EndGlobal
